
Microsoft Visual Studio Solution File, Format Version 12.00
# Visual Studio Version 17
VisualStudioVersion = 17.6.33829.357
MinimumVisualStudioVersion = 10.0.40219.1
Project("{FAE04EC0-301F-11D3-BF4B-00C04F79EFBC}") = "OperadoresAritimeticos", "OperadoresAritimeticos\OperadoresAritimeticos.csproj", "{079DB735-601E-4F85-AE59-3D8D8A30920C}"
EndProject
Global
	GlobalSection(SolutionConfigurationPlatforms) = preSolution
		Debug|Any CPU = Debug|Any CPU
		Release|Any CPU = Release|Any CPU
	EndGlobalSection
	GlobalSection(ProjectConfigurationPlatforms) = postSolution
		{079DB735-601E-4F85-AE59-3D8D8A30920C}.Debug|Any CPU.ActiveCfg = Debug|Any CPU
		{079DB735-601E-4F85-AE59-3D8D8A30920C}.Debug|Any CPU.Build.0 = Debug|Any CPU
		{079DB735-601E-4F85-AE59-3D8D8A30920C}.Release|Any CPU.ActiveCfg = Release|Any CPU
		{079DB735-601E-4F85-AE59-3D8D8A30920C}.Release|Any CPU.Build.0 = Release|Any CPU
	EndGlobalSection
	GlobalSection(SolutionProperties) = preSolution
		HideSolutionNode = FALSE
	EndGlobalSection
	GlobalSection(ExtensibilityGlobals) = postSolution
		SolutionGuid = {AE23D21F-B91D-4970-9AFE-186A597977EE}
	EndGlobalSection
EndGlobal
