
Microsoft Visual Studio Solution File, Format Version 12.00
# Visual Studio Version 17
VisualStudioVersion = 17.6.33829.357
MinimumVisualStudioVersion = 10.0.40219.1
Project("{FAE04EC0-301F-11D3-BF4B-00C04F79EFBC}") = "ExerciciosFor", "ExerciciosFor\ExerciciosFor.csproj", "{2C5694AB-D797-486D-A395-E44EEAF66484}"
EndProject
Global
	GlobalSection(SolutionConfigurationPlatforms) = preSolution
		Debug|Any CPU = Debug|Any CPU
		Release|Any CPU = Release|Any CPU
	EndGlobalSection
	GlobalSection(ProjectConfigurationPlatforms) = postSolution
		{2C5694AB-D797-486D-A395-E44EEAF66484}.Debug|Any CPU.ActiveCfg = Debug|Any CPU
		{2C5694AB-D797-486D-A395-E44EEAF66484}.Debug|Any CPU.Build.0 = Debug|Any CPU
		{2C5694AB-D797-486D-A395-E44EEAF66484}.Release|Any CPU.ActiveCfg = Release|Any CPU
		{2C5694AB-D797-486D-A395-E44EEAF66484}.Release|Any CPU.Build.0 = Release|Any CPU
	EndGlobalSection
	GlobalSection(SolutionProperties) = preSolution
		HideSolutionNode = FALSE
	EndGlobalSection
	GlobalSection(ExtensibilityGlobals) = postSolution
		SolutionGuid = {6C807464-FCB8-445A-8980-763FC7A92A86}
	EndGlobalSection
EndGlobal
